
Microsoft Visual Studio Solution File, Format Version 12.00
# Visual Studio Version 17
VisualStudioVersion = 17.14.36327.8
MinimumVisualStudioVersion = 10.0.40219.1
Project("{FAE04EC0-301F-11D3-BF4B-00C04F79EFBC}") = "AI.Calc", "AI.Calc\AI.Calc.csproj", "{64649A9B-4401-482E-B4CA-64B9787560C6}"
EndProject
Project("{FAE04EC0-301F-11D3-BF4B-00C04F79EFBC}") = "AI.Calc.Tests", "AI.Calc.Tests\AI.Calc.Tests.csproj", "{C9995058-3335-61FA-A0C5-42DE8D4086E1}"
EndProject
Global
	GlobalSection(SolutionConfigurationPlatforms) = preSolution
		Debug|Any CPU = Debug|Any CPU
		Release|Any CPU = Release|Any CPU
	EndGlobalSection
	GlobalSection(ProjectConfigurationPlatforms) = postSolution
		{64649A9B-4401-482E-B4CA-64B9787560C6}.Debug|Any CPU.ActiveCfg = Debug|Any CPU
		{64649A9B-4401-482E-B4CA-64B9787560C6}.Debug|Any CPU.Build.0 = Debug|Any CPU
		{64649A9B-4401-482E-B4CA-64B9787560C6}.Release|Any CPU.ActiveCfg = Release|Any CPU
		{64649A9B-4401-482E-B4CA-64B9787560C6}.Release|Any CPU.Build.0 = Release|Any CPU
		{C9995058-3335-61FA-A0C5-42DE8D4086E1}.Debug|Any CPU.ActiveCfg = Debug|Any CPU
		{C9995058-3335-61FA-A0C5-42DE8D4086E1}.Debug|Any CPU.Build.0 = Debug|Any CPU
		{C9995058-3335-61FA-A0C5-42DE8D4086E1}.Release|Any CPU.ActiveCfg = Release|Any CPU
		{C9995058-3335-61FA-A0C5-42DE8D4086E1}.Release|Any CPU.Build.0 = Release|Any CPU
	EndGlobalSection
	GlobalSection(SolutionProperties) = preSolution
		HideSolutionNode = FALSE
	EndGlobalSection
	GlobalSection(ExtensibilityGlobals) = postSolution
		SolutionGuid = {A7BD2238-5BCD-4279-9CCE-315F434A5218}
	EndGlobalSection
EndGlobal
